
Microsoft Visual Studio Solution File, Format Version 12.00
# Visual Studio Version 16
VisualStudioVersion = 16.0.31515.178
MinimumVisualStudioVersion = 10.0.40219.1
Project("{FAE04EC0-301F-11D3-BF4B-00C04F79EFBC}") = "Solitaire.Api", "Solitaire.Api\Solitaire.Api.csproj", "{745CB943-59CD-461E-ABA9-1EA9AC1CB0AB}"
EndProject
Global
	GlobalSection(SolutionConfigurationPlatforms) = preSolution
		Debug|Any CPU = Debug|Any CPU
		Release|Any CPU = Release|Any CPU
	EndGlobalSection
	GlobalSection(ProjectConfigurationPlatforms) = postSolution
		{745CB943-59CD-461E-ABA9-1EA9AC1CB0AB}.Debug|Any CPU.ActiveCfg = Debug|Any CPU
		{745CB943-59CD-461E-ABA9-1EA9AC1CB0AB}.Debug|Any CPU.Build.0 = Debug|Any CPU
		{745CB943-59CD-461E-ABA9-1EA9AC1CB0AB}.Release|Any CPU.ActiveCfg = Release|Any CPU
		{745CB943-59CD-461E-ABA9-1EA9AC1CB0AB}.Release|Any CPU.Build.0 = Release|Any CPU
	EndGlobalSection
	GlobalSection(SolutionProperties) = preSolution
		HideSolutionNode = FALSE
	EndGlobalSection
	GlobalSection(ExtensibilityGlobals) = postSolution
		SolutionGuid = {F665F5C8-AEC0-40BF-BB0B-B2113516C7E8}
	EndGlobalSection
EndGlobal
